{
  "requires": true,
  "lockfileVersion": 1,
  "dependencies": {
    "progress-tracker": {
      "version": "2.0.6",
      "resolved": "https://registry.npmjs.org/progress-tracker/-/progress-tracker-2.0.6.tgz",
      "integrity": "sha512-kem75MoRzGeyqdzkXOE8u7cJaRi77N5Dcyzs0cMT3D/mkrdPmPHXnRMTOe9SXY0gSAUDt21KVLIi2pck3Tu2Fw=="
    },
    "tslib": {
      "version": "1.13.0",
      "resolved": "https://registry.npmjs.org/tslib/-/tslib-1.13.0.tgz",
      "integrity": "sha512-i/6DQjL8Xf3be4K/E6Wgpekn5Qasl1usyw++dAA35Ue5orEn65VIxOA+YvNNl9HV3qv70T7CNwjODHZrLwvd1Q=="
    }
  }
}
